// !$*UTF8*$!
{
	archiveVersion = 1;
	classes = {
	};
	objectVersion = 51;
	objects = {

/* Begin PBXBuildFile section */
		0EFFAD3925B3287F007480A1 /* AppDelegate.swift in Sources */ = {isa = PBXBuildFile; fileRef = 0EFFAD3825B3287F007480A1 /* AppDelegate.swift */; };
		0EFFAD3B25B3287F007480A1 /* SceneDelegate.swift in Sources */ = {isa = PBXBuildFile; fileRef = 0EFFAD3A25B3287F007480A1 /* SceneDelegate.swift */; };
		0EFFAD3D25B3287F007480A1 /* ViewController.swift in Sources */ = {isa = PBXBuildFile; fileRef = 0EFFAD3C25B3287F007480A1 /* ViewController.swift */; };
		0EFFAD4025B3287F007480A1 /* Main.storyboard in Resources */ = {isa = PBXBuildFile; fileRef = 0EFFAD3E25B3287F007480A1 /* Main.storyboard */; };
		0EFFAD4225B3287F007480A1 /* Assets.xcassets in Resources */ = {isa = PBXBuildFile; fileRef = 0EFFAD4125B3287F007480A1 /* Assets.xcassets */; };
		0EFFAD4525B3287F007480A1 /* LaunchScreen.storyboard in Resources */ = {isa = PBXBuildFile; fileRef = 0EFFAD4325B3287F007480A1 /* LaunchScreen.storyboard */; };
		0EFFAD8925B33C65007480A1 /* MimicryKit.framework in Frameworks */ = {isa = PBXBuildFile; fileRef = 0EFFAD8825B33C65007480A1 /* MimicryKit.framework */; };
		0EFFAD8A25B33C65007480A1 /* MimicryKit.framework in Embed Frameworks */ = {isa = PBXBuildFile; fileRef = 0EFFAD8825B33C65007480A1 /* MimicryKit.framework */; settings = {ATTRIBUTES = (CodeSignOnCopy, RemoveHeadersOnCopy, ); }; };
		2BCC8FC1D980A365AD7DC7EC /* Pods_MimicryKitDemo.framework in Frameworks */ = {isa = PBXBuildFile; fileRef = 728739168B96EF1903E8ABF0 /* Pods_MimicryKitDemo.framework */; };
/* End PBXBuildFile section */

/* Begin PBXCopyFilesBuildPhase section */
		0EFFAD8B25B33C65007480A1 /* Embed Frameworks */ = {
			isa = PBXCopyFilesBuildPhase;
			buildActionMask = 2147483647;
			dstPath = "";
			dstSubfolderSpec = 10;
			files = (
				0EFFAD8A25B33C65007480A1 /* MimicryKit.framework in Embed Frameworks */,
			);
			name = "Embed Frameworks";
			runOnlyForDeploymentPostprocessing = 0;
		};
/* End PBXCopyFilesBuildPhase section */

/* Begin PBXFileReference section */
		0EFFAD3525B3287F007480A1 /* MimicryKitDemo.app */ = {isa = PBXFileReference; explicitFileType = wrapper.application; includeInIndex = 0; path = MimicryKitDemo.app; sourceTree = BUILT_PRODUCTS_DIR; };
		0EFFAD3825B3287F007480A1 /* AppDelegate.swift */ = {isa = PBXFileReference; lastKnownFileType = sourcecode.swift; path = AppDelegate.swift; sourceTree = "<group>"; };
		0EFFAD3A25B3287F007480A1 /* SceneDelegate.swift */ = {isa = PBXFileReference; lastKnownFileType = sourcecode.swift; path = SceneDelegate.swift; sourceTree = "<group>"; };
		0EFFAD3C25B3287F007480A1 /* ViewController.swift */ = {isa = PBXFileReference; lastKnownFileType = sourcecode.swift; path = ViewController.swift; sourceTree = "<group>"; };
		0EFFAD3F25B3287F007480A1 /* Base */ = {isa = PBXFileReference; lastKnownFileType = file.storyboard; name = Base; path = Base.lproj/Main.storyboard; sourceTree = "<group>"; };
		0EFFAD4125B3287F007480A1 /* Assets.xcassets */ = {isa = PBXFileReference; lastKnownFileType = folder.assetcatalog; path = Assets.xcassets; sourceTree = "<group>"; };
		0EFFAD4425B3287F007480A1 /* Base */ = {isa = PBXFileReference; lastKnownFileType = file.storyboard; name = Base; path = Base.lproj/LaunchScreen.storyboard; sourceTree = "<group>"; };
		0EFFAD4625B3287F007480A1 /* Info.plist */ = {isa = PBXFileReference; lastKnownFileType = text.plist.xml; path = Info.plist; sourceTree = "<group>"; };
		0EFFAD8825B33C65007480A1 /* MimicryKit.framework */ = {isa = PBXFileReference; explicitFileType = wrapper.framework; path = MimicryKit.framework; sourceTree = BUILT_PRODUCTS_DIR; };
		3792C9B46CCE108C9FF11433 /* Pods-MimicryKitDemo.debug.xcconfig */ = {isa = PBXFileReference; includeInIndex = 1; lastKnownFileType = text.xcconfig; name = "Pods-MimicryKitDemo.debug.xcconfig"; path = "Target Support Files/Pods-MimicryKitDemo/Pods-MimicryKitDemo.debug.xcconfig"; sourceTree = "<group>"; };
		59712675BFA4A7270EEFD65E /* Pods-MimicryKitDemo.release.xcconfig */ = {isa = PBXFileReference; includeInIndex = 1; lastKnownFileType = text.xcconfig; name = "Pods-MimicryKitDemo.release.xcconfig"; path = "Target Support Files/Pods-MimicryKitDemo/Pods-MimicryKitDemo.release.xcconfig"; sourceTree = "<group>"; };
		728739168B96EF1903E8ABF0 /* Pods_MimicryKitDemo.framework */ = {isa = PBXFileReference; explicitFileType = wrapper.framework; includeInIndex = 0; path = Pods_MimicryKitDemo.framework; sourceTree = BUILT_PRODUCTS_DIR; };
/* End PBXFileReference section */

/* Begin PBXFrameworksBuildPhase section */
		0EFFAD3225B3287F007480A1 /* Frameworks */ = {
			isa = PBXFrameworksBuildPhase;
			buildActionMask = 2147483647;
			files = (
				0EFFAD8925B33C65007480A1 /* MimicryKit.framework in Frameworks */,
				2BCC8FC1D980A365AD7DC7EC /* Pods_MimicryKitDemo.framework in Frameworks */,
			);
			runOnlyForDeploymentPostprocessing = 0;
		};
/* End PBXFrameworksBuildPhase section */

/* Begin PBXGroup section */
		0EFFAD2C25B3287F007480A1 = {
			isa = PBXGroup;
			children = (
				0EFFAD3725B3287F007480A1 /* MimicryKitDemo */,
				0EFFAD3625B3287F007480A1 /* Products */,
				2B3237B58DF5EA5385A2EE57 /* Pods */,
				1BF09119CA6A3D94A7969E8F /* Frameworks */,
			);
			sourceTree = "<group>";
		};
		0EFFAD3625B3287F007480A1 /* Products */ = {
			isa = PBXGroup;
			children = (
				0EFFAD3525B3287F007480A1 /* MimicryKitDemo.app */,
			);
			name = Products;
			sourceTree = "<group>";
		};
		0EFFAD3725B3287F007480A1 /* MimicryKitDemo */ = {
			isa = PBXGroup;
			children = (
				0EFFAD3825B3287F007480A1 /* AppDelegate.swift */,
				0EFFAD3A25B3287F007480A1 /* SceneDelegate.swift */,
				0EFFAD3C25B3287F007480A1 /* ViewController.swift */,
				0EFFAD3E25B3287F007480A1 /* Main.storyboard */,
				0EFFAD4125B3287F007480A1 /* Assets.xcassets */,
				0EFFAD4325B3287F007480A1 /* LaunchScreen.storyboard */,
				0EFFAD4625B3287F007480A1 /* Info.plist */,
			);
			path = MimicryKitDemo;
			sourceTree = "<group>";
		};
		1BF09119CA6A3D94A7969E8F /* Frameworks */ = {
			isa = PBXGroup;
			children = (
				0EFFAD8825B33C65007480A1 /* MimicryKit.framework */,
				728739168B96EF1903E8ABF0 /* Pods_MimicryKitDemo.framework */,
			);
			name = Frameworks;
			sourceTree = "<group>";
		};
		2B3237B58DF5EA5385A2EE57 /* Pods */ = {
			isa = PBXGroup;
			children = (
				3792C9B46CCE108C9FF11433 /* Pods-MimicryKitDemo.debug.xcconfig */,
				59712675BFA4A7270EEFD65E /* Pods-MimicryKitDemo.release.xcconfig */,
			);
			path = Pods;
			sourceTree = "<group>";
		};
/* End PBXGroup section */

/* Begin PBXNativeTarget section */
		0EFFAD3425B3287F007480A1 /* MimicryKitDemo */ = {
			isa = PBXNativeTarget;
			buildConfigurationList = 0EFFAD4925B3287F007480A1 /* Build configuration list for PBXNativeTarget "MimicryKitDemo" */;
			buildPhases = (
				E014F36216C6C5451B1965E7 /* [CP] Check Pods Manifest.lock */,
				0EFFAD3125B3287F007480A1 /* Sources */,
				0EFFAD3225B3287F007480A1 /* Frameworks */,
				0EFFAD3325B3287F007480A1 /* Resources */,
				C1057085CA2CF7A4B0D4B8A3 /* [CP] Embed Pods Frameworks */,
				0EFFAD8B25B33C65007480A1 /* Embed Frameworks */,
			);
			buildRules = (
			);
			dependencies = (
			);
			name = MimicryKitDemo;
			productName = MimicryKitDemo;
			productReference = 0EFFAD3525B3287F007480A1 /* MimicryKitDemo.app */;
			productType = "com.apple.product-type.application";
		};
/* End PBXNativeTarget section */

/* Begin PBXProject section */
		0EFFAD2D25B3287F007480A1 /* Project object */ = {
			isa = PBXProject;
			attributes = {
				LastSwiftUpdateCheck = 1230;
				LastUpgradeCheck = 1230;
				TargetAttributes = {
					0EFFAD3425B3287F007480A1 = {
						CreatedOnToolsVersion = 12.3;
					};
				};
			};
			buildConfigurationList = 0EFFAD3025B3287F007480A1 /* Build configuration list for PBXProject "MimicryKitDemo" */;
			compatibilityVersion = "Xcode 9.3";
			developmentRegion = en;
			hasScannedForEncodings = 0;
			knownRegions = (
				en,
				Base,
			);
			mainGroup = 0EFFAD2C25B3287F007480A1;
			productRefGroup = 0EFFAD3625B3287F007480A1 /* Products */;
			projectDirPath = "";
			projectRoot = "";
			targets = (
				0EFFAD3425B3287F007480A1 /* MimicryKitDemo */,
			);
		};
/* End PBXProject section */

/* Begin PBXResourcesBuildPhase section */
		0EFFAD3325B3287F007480A1 /* Resources */ = {
			isa = PBXResourcesBuildPhase;
			buildActionMask = 2147483647;
			files = (
				0EFFAD4525B3287F007480A1 /* LaunchScreen.storyboard in Resources */,
				0EFFAD4225B3287F007480A1 /* Assets.xcassets in Resources */,
				0EFFAD4025B3287F007480A1 /* Main.storyboard in Resources */,
			);
			runOnlyForDeploymentPostprocessing = 0;
		};
/* End PBXResourcesBuildPhase section */

/* Begin PBXShellScriptBuildPhase section */
		C1057085CA2CF7A4B0D4B8A3 /* [CP] Embed Pods Frameworks */ = {
			isa = PBXShellScriptBuildPhase;
			buildActionMask = 2147483647;
			files = (
			);
			inputFileListPaths = (
				"${PODS_ROOT}/Target Support Files/Pods-MimicryKitDemo/Pods-MimicryKitDemo-frameworks-${CONFIGURATION}-input-files.xcfilelist",
			);
			name = "[CP] Embed Pods Frameworks";
			outputFileListPaths = (
				"${PODS_ROOT}/Target Support Files/Pods-MimicryKitDemo/Pods-MimicryKitDemo-frameworks-${CONFIGURATION}-output-files.xcfilelist",
			);
			runOnlyForDeploymentPostprocessing = 0;
			shellPath = /bin/sh;
			shellScript = "\"${PODS_ROOT}/Target Support Files/Pods-MimicryKitDemo/Pods-MimicryKitDemo-frameworks.sh\"\n";
			showEnvVarsInLog = 0;
		};
		E014F36216C6C5451B1965E7 /* [CP] Check Pods Manifest.lock */ = {
			isa = PBXShellScriptBuildPhase;
			buildActionMask = 2147483647;
			files = (
			);
			inputFileListPaths = (
			);
			inputPaths = (
				"${PODS_PODFILE_DIR_PATH}/Podfile.lock",
				"${PODS_ROOT}/Manifest.lock",
			);
			name = "[CP] Check Pods Manifest.lock";
			outputFileListPaths = (
			);
			outputPaths = (
				"$(DERIVED_FILE_DIR)/Pods-MimicryKitDemo-checkManifestLockResult.txt",
			);
			runOnlyForDeploymentPostprocessing = 0;
			shellPath = /bin/sh;
			shellScript = "diff \"${PODS_PODFILE_DIR_PATH}/Podfile.lock\" \"${PODS_ROOT}/Manifest.lock\" > /dev/null\nif [ $? != 0 ] ; then\n    # print error to STDERR\n    echo \"error: The sandbox is not in sync with the Podfile.lock. Run 'pod install' or update your CocoaPods installation.\" >&2\n    exit 1\nfi\n# This output is used by Xcode 'outputs' to avoid re-running this script phase.\necho \"SUCCESS\" > \"${SCRIPT_OUTPUT_FILE_0}\"\n";
			showEnvVarsInLog = 0;
		};
/* End PBXShellScriptBuildPhase section */

/* Begin PBXSourcesBuildPhase section */
		0EFFAD3125B3287F007480A1 /* Sources */ = {
			isa = PBXSourcesBuildPhase;
			buildActionMask = 2147483647;
			files = (
				0EFFAD3D25B3287F007480A1 /* ViewController.swift in Sources */,
				0EFFAD3925B3287F007480A1 /* AppDelegate.swift in Sources */,
				0EFFAD3B25B3287F007480A1 /* SceneDelegate.swift in Sources */,
			);
			runOnlyForDeploymentPostprocessing = 0;
		};
/* End PBXSourcesBuildPhase section */

/* Begin PBXVariantGroup section */
		0EFFAD3E25B3287F007480A1 /* Main.storyboard */ = {
			isa = PBXVariantGroup;
			children = (
				0EFFAD3F25B3287F007480A1 /* Base */,
			);
			name = Main.storyboard;
			sourceTree = "<group>";
		};
		0EFFAD4325B3287F007480A1 /* LaunchScreen.storyboard */ = {
			isa = PBXVariantGroup;
			children = (
				0EFFAD4425B3287F007480A1 /* Base */,
			);
			name = LaunchScreen.storyboard;
			sourceTree = "<group>";
		};
/* End PBXVariantGroup section */

/* Begin XCBuildConfiguration section */
		0EFFAD4725B3287F007480A1 /* Debug */ = {
			isa = XCBuildConfiguration;
			buildSettings = {
				ALWAYS_SEARCH_USER_PATHS = NO;
				CLANG_ANALYZER_NONNULL = YES;
				CLANG_ANALYZER_NUMBER_OBJECT_CONVERSION = YES_AGGRESSIVE;
				CLANG_CXX_LANGUAGE_STANDARD = "gnu++14";
				CLANG_CXX_LIBRARY = "libc++";
				CLANG_ENABLE_MODULES = YES;
				CLANG_ENABLE_OBJC_ARC = YES;
				CLANG_ENABLE_OBJC_WEAK = YES;
				CLANG_WARN_BLOCK_CAPTURE_AUTORELEASING = YES;
				CLANG_WARN_BOOL_CONVERSION = YES;
				CLANG_WARN_COMMA = YES;
				CLANG_WARN_CONSTANT_CONVERSION = YES;
				CLANG_WARN_DEPRECATED_OBJC_IMPLEMENTATIONS = YES;
				CLANG_WARN_DIRECT_OBJC_ISA_USAGE = YES_ERROR;
				CLANG_WARN_DOCUMENTATION_COMMENTS = YES;
				CLANG_WARN_EMPTY_BODY = YES;
				CLANG_WARN_ENUM_CONVERSION = YES;
				CLANG_WARN_INFINITE_RECURSION = YES;
				CLANG_WARN_INT_CONVERSION = YES;
				CLANG_WARN_NON_LITERAL_NULL_CONVERSION = YES;
				CLANG_WARN_OBJC_IMPLICIT_RETAIN_SELF = YES;
				CLANG_WARN_OBJC_LITERAL_CONVERSION = YES;
				CLANG_WARN_OBJC_ROOT_CLASS = YES_ERROR;
				CLANG_WARN_QUOTED_INCLUDE_IN_FRAMEWORK_HEADER = YES;
				CLANG_WARN_RANGE_LOOP_ANALYSIS = YES;
				CLANG_WARN_STRICT_PROTOTYPES = YES;
				CLANG_WARN_SUSPICIOUS_MOVE = YES;
				CLANG_WARN_UNGUARDED_AVAILABILITY = YES_AGGRESSIVE;
				CLANG_WARN_UNREACHABLE_CODE = YES;
				CLANG_WARN__DUPLICATE_METHOD_MATCH = YES;
				COPY_PHASE_STRIP = NO;
				DEBUG_INFORMATION_FORMAT = dwarf;
				ENABLE_STRICT_OBJC_MSGSEND = YES;
				ENABLE_TESTABILITY = YES;
				GCC_C_LANGUAGE_STANDARD = gnu11;
				GCC_DYNAMIC_NO_PIC = NO;
				GCC_NO_COMMON_BLOCKS = YES;
				GCC_OPTIMIZATION_LEVEL = 0;
				GCC_PREPROCESSOR_DEFINITIONS = (
					"DEBUG=1",
					"$(inherited)",
				);
				GCC_WARN_64_TO_32_BIT_CONVERSION = YES;
				GCC_WARN_ABOUT_RETURN_TYPE = YES_ERROR;
				GCC_WARN_UNDECLARED_SELECTOR = YES;
				GCC_WARN_UNINITIALIZED_AUTOS = YES_AGGRESSIVE;
				GCC_WARN_UNUSED_FUNCTION = YES;
				GCC_WARN_UNUSED_VARIABLE = YES;
				IPHONEOS_DEPLOYMENT_TARGET = 14.3;
				MTL_ENABLE_DEBUG_INFO = INCLUDE_SOURCE;
				MTL_FAST_MATH = YES;
				ONLY_ACTIVE_ARCH = YES;
				SDKROOT = iphoneos;
				SWIFT_ACTIVE_COMPILATION_CONDITIONS = DEBUG;
				SWIFT_OPTIMIZATION_LEVEL = "-Onone";
			};
			name = Debug;
		};
		0EFFAD4825B3287F007480A1 /* Release */ = {
			isa = XCBuildConfiguration;
			buildSettings = {
				ALWAYS_SEARCH_USER_PATHS = NO;
				CLANG_ANALYZER_NONNULL = YES;
				CLANG_ANALYZER_NUMBER_OBJECT_CONVERSION = YES_AGGRESSIVE;
				CLANG_CXX_LANGUAGE_STANDARD = "gnu++14";
				CLANG_CXX_LIBRARY = "libc++";
				CLANG_ENABLE_MODULES = YES;
				CLANG_ENABLE_OBJC_ARC = YES;
				CLANG_ENABLE_OBJC_WEAK = YES;
				CLANG_WARN_BLOCK_CAPTURE_AUTORELEASING = YES;
				CLANG_WARN_BOOL_CONVERSION = YES;
				CLANG_WARN_COMMA = YES;
				CLANG_WARN_CONSTANT_CONVERSION = YES;
				CLANG_WARN_DEPRECATED_OBJC_IMPLEMENTATIONS = YES;
				CLANG_WARN_DIRECT_OBJC_ISA_USAGE = YES_ERROR;
				CLANG_WARN_DOCUMENTATION_COMMENTS = YES;
				CLANG_WARN_EMPTY_BODY = YES;
				CLANG_WARN_ENUM_CONVERSION = YES;
				CLANG_WARN_INFINITE_RECURSION = YES;
				CLANG_WARN_INT_CONVERSION = YES;
				CLANG_WARN_NON_LITERAL_NULL_CONVERSION = YES;
				CLANG_WARN_OBJC_IMPLICIT_RETAIN_SELF = YES;
				CLANG_WARN_OBJC_LITERAL_CONVERSION = YES;
				CLANG_WARN_OBJC_ROOT_CLASS = YES_ERROR;
				CLANG_WARN_QUOTED_INCLUDE_IN_FRAMEWORK_HEADER = YES;
				CLANG_WARN_RANGE_LOOP_ANALYSIS = YES;
				CLANG_WARN_STRICT_PROTOTYPES = YES;
				CLANG_WARN_SUSPICIOUS_MOVE = YES;
				CLANG_WARN_UNGUARDED_AVAILABILITY = YES_AGGRESSIVE;
				CLANG_WARN_UNREACHABLE_CODE = YES;
				CLANG_WARN__DUPLICATE_METHOD_MATCH = YES;
				COPY_PHASE_STRIP = NO;
				DEBUG_INFORMATION_FORMAT = "dwarf-with-dsym";
				ENABLE_NS_ASSERTIONS = NO;
				ENABLE_STRICT_OBJC_MSGSEND = YES;
				GCC_C_LANGUAGE_STANDARD = gnu11;
				GCC_NO_COMMON_BLOCKS = YES;
				GCC_WARN_64_TO_32_BIT_CONVERSION = YES;
				GCC_WARN_ABOUT_RETURN_TYPE = YES_ERROR;
				GCC_WARN_UNDECLARED_SELECTOR = YES;
				GCC_WARN_UNINITIALIZED_AUTOS = YES_AGGRESSIVE;
				GCC_WARN_UNUSED_FUNCTION = YES;
				GCC_WARN_UNUSED_VARIABLE = YES;
				IPHONEOS_DEPLOYMENT_TARGET = 14.3;
				MTL_ENABLE_DEBUG_INFO = NO;
				MTL_FAST_MATH = YES;
				SDKROOT = iphoneos;
				SWIFT_COMPILATION_MODE = wholemodule;
				SWIFT_OPTIMIZATION_LEVEL = "-O";
				VALIDATE_PRODUCT = YES;
			};
			name = Release;
		};
		0EFFAD4A25B3287F007480A1 /* Debug */ = {
			isa = XCBuildConfiguration;
			baseConfigurationReference = 3792C9B46CCE108C9FF11433 /* Pods-MimicryKitDemo.debug.xcconfig */;
			buildSettings = {
				ASSETCATALOG_COMPILER_APPICON_NAME = AppIcon;
				ASSETCATALOG_COMPILER_GLOBAL_ACCENT_COLOR_NAME = AccentColor;
				CODE_SIGN_STYLE = Automatic;
				DEVELOPMENT_TEAM = V3K6YHBVSM;
				INFOPLIST_FILE = MimicryKitDemo/Info.plist;
				LD_RUNPATH_SEARCH_PATHS = (
					"$(inherited)",
					"@executable_path/Frameworks",
				);
				PRODUCT_BUNDLE_IDENTIFIER = "com.dev-zhang.MimicryKitDemo";
				PRODUCT_NAME = "$(TARGET_NAME)";
				SWIFT_VERSION = 5.0;
				TARGETED_DEVICE_FAMILY = "1,2";
			};
			name = Debug;
		};
		0EFFAD4B25B3287F007480A1 /* Release */ = {
			isa = XCBuildConfiguration;
			baseConfigurationReference = 59712675BFA4A7270EEFD65E /* Pods-MimicryKitDemo.release.xcconfig */;
			buildSettings = {
				ASSETCATALOG_COMPILER_APPICON_NAME = AppIcon;
				ASSETCATALOG_COMPILER_GLOBAL_ACCENT_COLOR_NAME = AccentColor;
				CODE_SIGN_STYLE = Automatic;
				DEVELOPMENT_TEAM = V3K6YHBVSM;
				INFOPLIST_FILE = MimicryKitDemo/Info.plist;
				LD_RUNPATH_SEARCH_PATHS = (
					"$(inherited)",
					"@executable_path/Frameworks",
				);
				PRODUCT_BUNDLE_IDENTIFIER = "com.dev-zhang.MimicryKitDemo";
				PRODUCT_NAME = "$(TARGET_NAME)";
				SWIFT_VERSION = 5.0;
				TARGETED_DEVICE_FAMILY = "1,2";
			};
			name = Release;
		};
/* End XCBuildConfiguration section */

/* Begin XCConfigurationList section */
		0EFFAD3025B3287F007480A1 /* Build configuration list for PBXProject "MimicryKitDemo" */ = {
			isa = XCConfigurationList;
			buildConfigurations = (
				0EFFAD4725B3287F007480A1 /* Debug */,
				0EFFAD4825B3287F007480A1 /* Release */,
			);
			defaultConfigurationIsVisible = 0;
			defaultConfigurationName = Release;
		};
		0EFFAD4925B3287F007480A1 /* Build configuration list for PBXNativeTarget "MimicryKitDemo" */ = {
			isa = XCConfigurationList;
			buildConfigurations = (
				0EFFAD4A25B3287F007480A1 /* Debug */,
				0EFFAD4B25B3287F007480A1 /* Release */,
			);
			defaultConfigurationIsVisible = 0;
			defaultConfigurationName = Release;
		};
/* End XCConfigurationList section */
	};
	rootObject = 0EFFAD2D25B3287F007480A1 /* Project object */;
}
