// !$*UTF8*$!
{
	archiveVersion = 1;
	classes = {
	};
	objectVersion = 50;
	objects = {

/* Begin PBXBuildFile section */
		0E134D6B25B722BC00E072C0 /* MComponent.swift in Sources */ = {isa = PBXBuildFile; fileRef = 0E134D6A25B722BC00E072C0 /* MComponent.swift */; };
		0E134D6F25B7252D00E072C0 /* MCard.swift in Sources */ = {isa = PBXBuildFile; fileRef = 0E134D6E25B7252D00E072C0 /* MCard.swift */; };
		0E52B98125B9AC1B001D7A8B /* MProgressBar.swift in Sources */ = {isa = PBXBuildFile; fileRef = 0E52B98025B9AC1B001D7A8B /* MProgressBar.swift */; };
		0E569D2625B57962000D88CA /* String+Extensions.swift in Sources */ = {isa = PBXBuildFile; fileRef = 0E569D2525B57962000D88CA /* String+Extensions.swift */; };
		0EFFAD1A25B32867007480A1 /* MimicryKit.framework in Frameworks */ = {isa = PBXBuildFile; fileRef = 0EFFAD1025B32866007480A1 /* MimicryKit.framework */; };
		0EFFAD1F25B32867007480A1 /* MimicryKitTests.swift in Sources */ = {isa = PBXBuildFile; fileRef = 0EFFAD1E25B32867007480A1 /* MimicryKitTests.swift */; };
		0EFFAD2125B32867007480A1 /* MimicryKit.h in Headers */ = {isa = PBXBuildFile; fileRef = 0EFFAD1325B32866007480A1 /* MimicryKit.h */; settings = {ATTRIBUTES = (Public, ); }; };
		0EFFAD6E25B32B07007480A1 /* MButton.swift in Sources */ = {isa = PBXBuildFile; fileRef = 0EFFAD6D25B32B07007480A1 /* MButton.swift */; };
		0EFFAD7425B32B4C007480A1 /* StyleUtil.swift in Sources */ = {isa = PBXBuildFile; fileRef = 0EFFAD7325B32B4C007480A1 /* StyleUtil.swift */; };
/* End PBXBuildFile section */

/* Begin PBXContainerItemProxy section */
		0EFFAD1B25B32867007480A1 /* PBXContainerItemProxy */ = {
			isa = PBXContainerItemProxy;
			containerPortal = 0EFFAD0725B32866007480A1 /* Project object */;
			proxyType = 1;
			remoteGlobalIDString = 0EFFAD0F25B32866007480A1;
			remoteInfo = MimicryKit;
		};
/* End PBXContainerItemProxy section */

/* Begin PBXFileReference section */
		0E134D6A25B722BC00E072C0 /* MComponent.swift */ = {isa = PBXFileReference; lastKnownFileType = sourcecode.swift; path = MComponent.swift; sourceTree = "<group>"; };
		0E134D6E25B7252D00E072C0 /* MCard.swift */ = {isa = PBXFileReference; lastKnownFileType = sourcecode.swift; path = MCard.swift; sourceTree = "<group>"; };
		0E52B98025B9AC1B001D7A8B /* MProgressBar.swift */ = {isa = PBXFileReference; lastKnownFileType = sourcecode.swift; path = MProgressBar.swift; sourceTree = "<group>"; };
		0E569D2525B57962000D88CA /* String+Extensions.swift */ = {isa = PBXFileReference; lastKnownFileType = sourcecode.swift; path = "String+Extensions.swift"; sourceTree = "<group>"; };
		0EFFAD1025B32866007480A1 /* MimicryKit.framework */ = {isa = PBXFileReference; explicitFileType = wrapper.framework; includeInIndex = 0; path = MimicryKit.framework; sourceTree = BUILT_PRODUCTS_DIR; };
		0EFFAD1325B32866007480A1 /* MimicryKit.h */ = {isa = PBXFileReference; lastKnownFileType = sourcecode.c.h; path = MimicryKit.h; sourceTree = "<group>"; };
		0EFFAD1425B32866007480A1 /* Info.plist */ = {isa = PBXFileReference; lastKnownFileType = text.plist.xml; path = Info.plist; sourceTree = "<group>"; };
		0EFFAD1925B32867007480A1 /* MimicryKitTests.xctest */ = {isa = PBXFileReference; explicitFileType = wrapper.cfbundle; includeInIndex = 0; path = MimicryKitTests.xctest; sourceTree = BUILT_PRODUCTS_DIR; };
		0EFFAD1E25B32867007480A1 /* MimicryKitTests.swift */ = {isa = PBXFileReference; lastKnownFileType = sourcecode.swift; path = MimicryKitTests.swift; sourceTree = "<group>"; };
		0EFFAD2025B32867007480A1 /* Info.plist */ = {isa = PBXFileReference; lastKnownFileType = text.plist.xml; path = Info.plist; sourceTree = "<group>"; };
		0EFFAD6D25B32B07007480A1 /* MButton.swift */ = {isa = PBXFileReference; lastKnownFileType = sourcecode.swift; path = MButton.swift; sourceTree = "<group>"; };
		0EFFAD7325B32B4C007480A1 /* StyleUtil.swift */ = {isa = PBXFileReference; lastKnownFileType = sourcecode.swift; path = StyleUtil.swift; sourceTree = "<group>"; };
/* End PBXFileReference section */

/* Begin PBXFrameworksBuildPhase section */
		0EFFAD0D25B32866007480A1 /* Frameworks */ = {
			isa = PBXFrameworksBuildPhase;
			buildActionMask = 2147483647;
			files = (
			);
			runOnlyForDeploymentPostprocessing = 0;
		};
		0EFFAD1625B32867007480A1 /* Frameworks */ = {
			isa = PBXFrameworksBuildPhase;
			buildActionMask = 2147483647;
			files = (
				0EFFAD1A25B32867007480A1 /* MimicryKit.framework in Frameworks */,
			);
			runOnlyForDeploymentPostprocessing = 0;
		};
/* End PBXFrameworksBuildPhase section */

/* Begin PBXGroup section */
		0E569D2425B57959000D88CA /* extensions */ = {
			isa = PBXGroup;
			children = (
				0E569D2525B57962000D88CA /* String+Extensions.swift */,
			);
			path = extensions;
			sourceTree = "<group>";
		};
		0EFFAD0625B32866007480A1 = {
			isa = PBXGroup;
			children = (
				0EFFAD1225B32866007480A1 /* MimicryKit */,
				0EFFAD1D25B32867007480A1 /* MimicryKitTests */,
				0EFFAD1125B32866007480A1 /* Products */,
			);
			sourceTree = "<group>";
		};
		0EFFAD1125B32866007480A1 /* Products */ = {
			isa = PBXGroup;
			children = (
				0EFFAD1025B32866007480A1 /* MimicryKit.framework */,
				0EFFAD1925B32867007480A1 /* MimicryKitTests.xctest */,
			);
			name = Products;
			sourceTree = "<group>";
		};
		0EFFAD1225B32866007480A1 /* MimicryKit */ = {
			isa = PBXGroup;
			children = (
				0EFFAD6825B32A0E007480A1 /* source */,
				0EFFAD1325B32866007480A1 /* MimicryKit.h */,
				0EFFAD1425B32866007480A1 /* Info.plist */,
			);
			path = MimicryKit;
			sourceTree = "<group>";
		};
		0EFFAD1D25B32867007480A1 /* MimicryKitTests */ = {
			isa = PBXGroup;
			children = (
				0EFFAD1E25B32867007480A1 /* MimicryKitTests.swift */,
				0EFFAD2025B32867007480A1 /* Info.plist */,
			);
			path = MimicryKitTests;
			sourceTree = "<group>";
		};
		0EFFAD6825B32A0E007480A1 /* source */ = {
			isa = PBXGroup;
			children = (
				0E569D2425B57959000D88CA /* extensions */,
				0EFFAD7225B32B3B007480A1 /* styles */,
				0EFFAD7125B32B2F007480A1 /* components */,
			);
			path = source;
			sourceTree = "<group>";
		};
		0EFFAD7125B32B2F007480A1 /* components */ = {
			isa = PBXGroup;
			children = (
				0EFFAD6D25B32B07007480A1 /* MButton.swift */,
				0E134D6A25B722BC00E072C0 /* MComponent.swift */,
				0E134D6E25B7252D00E072C0 /* MCard.swift */,
				0E52B98025B9AC1B001D7A8B /* MProgressBar.swift */,
			);
			path = components;
			sourceTree = "<group>";
		};
		0EFFAD7225B32B3B007480A1 /* styles */ = {
			isa = PBXGroup;
			children = (
				0EFFAD7325B32B4C007480A1 /* StyleUtil.swift */,
			);
			path = styles;
			sourceTree = "<group>";
		};
/* End PBXGroup section */

/* Begin PBXHeadersBuildPhase section */
		0EFFAD0B25B32866007480A1 /* Headers */ = {
			isa = PBXHeadersBuildPhase;
			buildActionMask = 2147483647;
			files = (
				0EFFAD2125B32867007480A1 /* MimicryKit.h in Headers */,
			);
			runOnlyForDeploymentPostprocessing = 0;
		};
/* End PBXHeadersBuildPhase section */

/* Begin PBXNativeTarget section */
		0EFFAD0F25B32866007480A1 /* MimicryKit */ = {
			isa = PBXNativeTarget;
			buildConfigurationList = 0EFFAD2425B32867007480A1 /* Build configuration list for PBXNativeTarget "MimicryKit" */;
			buildPhases = (
				0EFFAD0B25B32866007480A1 /* Headers */,
				0EFFAD0C25B32866007480A1 /* Sources */,
				0EFFAD0D25B32866007480A1 /* Frameworks */,
				0EFFAD0E25B32866007480A1 /* Resources */,
			);
			buildRules = (
			);
			dependencies = (
			);
			name = MimicryKit;
			productName = MimicryKit;
			productReference = 0EFFAD1025B32866007480A1 /* MimicryKit.framework */;
			productType = "com.apple.product-type.framework";
		};
		0EFFAD1825B32867007480A1 /* MimicryKitTests */ = {
			isa = PBXNativeTarget;
			buildConfigurationList = 0EFFAD2725B32867007480A1 /* Build configuration list for PBXNativeTarget "MimicryKitTests" */;
			buildPhases = (
				0EFFAD1525B32867007480A1 /* Sources */,
				0EFFAD1625B32867007480A1 /* Frameworks */,
				0EFFAD1725B32867007480A1 /* Resources */,
			);
			buildRules = (
			);
			dependencies = (
				0EFFAD1C25B32867007480A1 /* PBXTargetDependency */,
			);
			name = MimicryKitTests;
			productName = MimicryKitTests;
			productReference = 0EFFAD1925B32867007480A1 /* MimicryKitTests.xctest */;
			productType = "com.apple.product-type.bundle.unit-test";
		};
/* End PBXNativeTarget section */

/* Begin PBXProject section */
		0EFFAD0725B32866007480A1 /* Project object */ = {
			isa = PBXProject;
			attributes = {
				LastSwiftUpdateCheck = 1230;
				LastUpgradeCheck = 1230;
				TargetAttributes = {
					0EFFAD0F25B32866007480A1 = {
						CreatedOnToolsVersion = 12.3;
						LastSwiftMigration = 1230;
					};
					0EFFAD1825B32867007480A1 = {
						CreatedOnToolsVersion = 12.3;
					};
				};
			};
			buildConfigurationList = 0EFFAD0A25B32866007480A1 /* Build configuration list for PBXProject "MimicryKit" */;
			compatibilityVersion = "Xcode 9.3";
			developmentRegion = en;
			hasScannedForEncodings = 0;
			knownRegions = (
				en,
				Base,
			);
			mainGroup = 0EFFAD0625B32866007480A1;
			productRefGroup = 0EFFAD1125B32866007480A1 /* Products */;
			projectDirPath = "";
			projectRoot = "";
			targets = (
				0EFFAD0F25B32866007480A1 /* MimicryKit */,
				0EFFAD1825B32867007480A1 /* MimicryKitTests */,
			);
		};
/* End PBXProject section */

/* Begin PBXResourcesBuildPhase section */
		0EFFAD0E25B32866007480A1 /* Resources */ = {
			isa = PBXResourcesBuildPhase;
			buildActionMask = 2147483647;
			files = (
			);
			runOnlyForDeploymentPostprocessing = 0;
		};
		0EFFAD1725B32867007480A1 /* Resources */ = {
			isa = PBXResourcesBuildPhase;
			buildActionMask = 2147483647;
			files = (
			);
			runOnlyForDeploymentPostprocessing = 0;
		};
/* End PBXResourcesBuildPhase section */

/* Begin PBXSourcesBuildPhase section */
		0EFFAD0C25B32866007480A1 /* Sources */ = {
			isa = PBXSourcesBuildPhase;
			buildActionMask = 2147483647;
			files = (
				0EFFAD6E25B32B07007480A1 /* MButton.swift in Sources */,
				0E569D2625B57962000D88CA /* String+Extensions.swift in Sources */,
				0E134D6F25B7252D00E072C0 /* MCard.swift in Sources */,
				0EFFAD7425B32B4C007480A1 /* StyleUtil.swift in Sources */,
				0E52B98125B9AC1B001D7A8B /* MProgressBar.swift in Sources */,
				0E134D6B25B722BC00E072C0 /* MComponent.swift in Sources */,
			);
			runOnlyForDeploymentPostprocessing = 0;
		};
		0EFFAD1525B32867007480A1 /* Sources */ = {
			isa = PBXSourcesBuildPhase;
			buildActionMask = 2147483647;
			files = (
				0EFFAD1F25B32867007480A1 /* MimicryKitTests.swift in Sources */,
			);
			runOnlyForDeploymentPostprocessing = 0;
		};
/* End PBXSourcesBuildPhase section */

/* Begin PBXTargetDependency section */
		0EFFAD1C25B32867007480A1 /* PBXTargetDependency */ = {
			isa = PBXTargetDependency;
			target = 0EFFAD0F25B32866007480A1 /* MimicryKit */;
			targetProxy = 0EFFAD1B25B32867007480A1 /* PBXContainerItemProxy */;
		};
/* End PBXTargetDependency section */

/* Begin XCBuildConfiguration section */
		0EFFAD2225B32867007480A1 /* Debug */ = {
			isa = XCBuildConfiguration;
			buildSettings = {
				ALWAYS_SEARCH_USER_PATHS = NO;
				CLANG_ANALYZER_NONNULL = YES;
				CLANG_ANALYZER_NUMBER_OBJECT_CONVERSION = YES_AGGRESSIVE;
				CLANG_CXX_LANGUAGE_STANDARD = "gnu++14";
				CLANG_CXX_LIBRARY = "libc++";
				CLANG_ENABLE_MODULES = YES;
				CLANG_ENABLE_OBJC_ARC = YES;
				CLANG_ENABLE_OBJC_WEAK = YES;
				CLANG_WARN_BLOCK_CAPTURE_AUTORELEASING = YES;
				CLANG_WARN_BOOL_CONVERSION = YES;
				CLANG_WARN_COMMA = YES;
				CLANG_WARN_CONSTANT_CONVERSION = YES;
				CLANG_WARN_DEPRECATED_OBJC_IMPLEMENTATIONS = YES;
				CLANG_WARN_DIRECT_OBJC_ISA_USAGE = YES_ERROR;
				CLANG_WARN_DOCUMENTATION_COMMENTS = YES;
				CLANG_WARN_EMPTY_BODY = YES;
				CLANG_WARN_ENUM_CONVERSION = YES;
				CLANG_WARN_INFINITE_RECURSION = YES;
				CLANG_WARN_INT_CONVERSION = YES;
				CLANG_WARN_NON_LITERAL_NULL_CONVERSION = YES;
				CLANG_WARN_OBJC_IMPLICIT_RETAIN_SELF = YES;
				CLANG_WARN_OBJC_LITERAL_CONVERSION = YES;
				CLANG_WARN_OBJC_ROOT_CLASS = YES_ERROR;
				CLANG_WARN_QUOTED_INCLUDE_IN_FRAMEWORK_HEADER = YES;
				CLANG_WARN_RANGE_LOOP_ANALYSIS = YES;
				CLANG_WARN_STRICT_PROTOTYPES = YES;
				CLANG_WARN_SUSPICIOUS_MOVE = YES;
				CLANG_WARN_UNGUARDED_AVAILABILITY = YES_AGGRESSIVE;
				CLANG_WARN_UNREACHABLE_CODE = YES;
				CLANG_WARN__DUPLICATE_METHOD_MATCH = YES;
				COPY_PHASE_STRIP = NO;
				CURRENT_PROJECT_VERSION = 1;
				DEBUG_INFORMATION_FORMAT = dwarf;
				ENABLE_STRICT_OBJC_MSGSEND = YES;
				ENABLE_TESTABILITY = YES;
				GCC_C_LANGUAGE_STANDARD = gnu11;
				GCC_DYNAMIC_NO_PIC = NO;
				GCC_NO_COMMON_BLOCKS = YES;
				GCC_OPTIMIZATION_LEVEL = 0;
				GCC_PREPROCESSOR_DEFINITIONS = (
					"DEBUG=1",
					"$(inherited)",
				);
				GCC_WARN_64_TO_32_BIT_CONVERSION = YES;
				GCC_WARN_ABOUT_RETURN_TYPE = YES_ERROR;
				GCC_WARN_UNDECLARED_SELECTOR = YES;
				GCC_WARN_UNINITIALIZED_AUTOS = YES_AGGRESSIVE;
				GCC_WARN_UNUSED_FUNCTION = YES;
				GCC_WARN_UNUSED_VARIABLE = YES;
				IPHONEOS_DEPLOYMENT_TARGET = 14.3;
				MTL_ENABLE_DEBUG_INFO = INCLUDE_SOURCE;
				MTL_FAST_MATH = YES;
				ONLY_ACTIVE_ARCH = YES;
				SDKROOT = iphoneos;
				SWIFT_ACTIVE_COMPILATION_CONDITIONS = DEBUG;
				SWIFT_OPTIMIZATION_LEVEL = "-Onone";
				VERSIONING_SYSTEM = "apple-generic";
				VERSION_INFO_PREFIX = "";
			};
			name = Debug;
		};
		0EFFAD2325B32867007480A1 /* Release */ = {
			isa = XCBuildConfiguration;
			buildSettings = {
				ALWAYS_SEARCH_USER_PATHS = NO;
				CLANG_ANALYZER_NONNULL = YES;
				CLANG_ANALYZER_NUMBER_OBJECT_CONVERSION = YES_AGGRESSIVE;
				CLANG_CXX_LANGUAGE_STANDARD = "gnu++14";
				CLANG_CXX_LIBRARY = "libc++";
				CLANG_ENABLE_MODULES = YES;
				CLANG_ENABLE_OBJC_ARC = YES;
				CLANG_ENABLE_OBJC_WEAK = YES;
				CLANG_WARN_BLOCK_CAPTURE_AUTORELEASING = YES;
				CLANG_WARN_BOOL_CONVERSION = YES;
				CLANG_WARN_COMMA = YES;
				CLANG_WARN_CONSTANT_CONVERSION = YES;
				CLANG_WARN_DEPRECATED_OBJC_IMPLEMENTATIONS = YES;
				CLANG_WARN_DIRECT_OBJC_ISA_USAGE = YES_ERROR;
				CLANG_WARN_DOCUMENTATION_COMMENTS = YES;
				CLANG_WARN_EMPTY_BODY = YES;
				CLANG_WARN_ENUM_CONVERSION = YES;
				CLANG_WARN_INFINITE_RECURSION = YES;
				CLANG_WARN_INT_CONVERSION = YES;
				CLANG_WARN_NON_LITERAL_NULL_CONVERSION = YES;
				CLANG_WARN_OBJC_IMPLICIT_RETAIN_SELF = YES;
				CLANG_WARN_OBJC_LITERAL_CONVERSION = YES;
				CLANG_WARN_OBJC_ROOT_CLASS = YES_ERROR;
				CLANG_WARN_QUOTED_INCLUDE_IN_FRAMEWORK_HEADER = YES;
				CLANG_WARN_RANGE_LOOP_ANALYSIS = YES;
				CLANG_WARN_STRICT_PROTOTYPES = YES;
				CLANG_WARN_SUSPICIOUS_MOVE = YES;
				CLANG_WARN_UNGUARDED_AVAILABILITY = YES_AGGRESSIVE;
				CLANG_WARN_UNREACHABLE_CODE = YES;
				CLANG_WARN__DUPLICATE_METHOD_MATCH = YES;
				COPY_PHASE_STRIP = NO;
				CURRENT_PROJECT_VERSION = 1;
				DEBUG_INFORMATION_FORMAT = "dwarf-with-dsym";
				ENABLE_NS_ASSERTIONS = NO;
				ENABLE_STRICT_OBJC_MSGSEND = YES;
				GCC_C_LANGUAGE_STANDARD = gnu11;
				GCC_NO_COMMON_BLOCKS = YES;
				GCC_WARN_64_TO_32_BIT_CONVERSION = YES;
				GCC_WARN_ABOUT_RETURN_TYPE = YES_ERROR;
				GCC_WARN_UNDECLARED_SELECTOR = YES;
				GCC_WARN_UNINITIALIZED_AUTOS = YES_AGGRESSIVE;
				GCC_WARN_UNUSED_FUNCTION = YES;
				GCC_WARN_UNUSED_VARIABLE = YES;
				IPHONEOS_DEPLOYMENT_TARGET = 14.3;
				MTL_ENABLE_DEBUG_INFO = NO;
				MTL_FAST_MATH = YES;
				SDKROOT = iphoneos;
				SWIFT_COMPILATION_MODE = wholemodule;
				SWIFT_OPTIMIZATION_LEVEL = "-O";
				VALIDATE_PRODUCT = YES;
				VERSIONING_SYSTEM = "apple-generic";
				VERSION_INFO_PREFIX = "";
			};
			name = Release;
		};
		0EFFAD2525B32867007480A1 /* Debug */ = {
			isa = XCBuildConfiguration;
			buildSettings = {
				CLANG_ENABLE_MODULES = YES;
				CODE_SIGN_STYLE = Automatic;
				DEFINES_MODULE = YES;
				DEVELOPMENT_TEAM = V3K6YHBVSM;
				DYLIB_COMPATIBILITY_VERSION = 1;
				DYLIB_CURRENT_VERSION = 1;
				DYLIB_INSTALL_NAME_BASE = "@rpath";
				INFOPLIST_FILE = MimicryKit/Info.plist;
				INSTALL_PATH = "$(LOCAL_LIBRARY_DIR)/Frameworks";
				LD_RUNPATH_SEARCH_PATHS = (
					"$(inherited)",
					"@executable_path/Frameworks",
					"@loader_path/Frameworks",
				);
				PRODUCT_BUNDLE_IDENTIFIER = "com.dev-zhang.MimicryKit";
				PRODUCT_NAME = "$(TARGET_NAME:c99extidentifier)";
				SKIP_INSTALL = YES;
				SWIFT_OPTIMIZATION_LEVEL = "-Onone";
				SWIFT_VERSION = 5.0;
				TARGETED_DEVICE_FAMILY = "1,2";
			};
			name = Debug;
		};
		0EFFAD2625B32867007480A1 /* Release */ = {
			isa = XCBuildConfiguration;
			buildSettings = {
				CLANG_ENABLE_MODULES = YES;
				CODE_SIGN_STYLE = Automatic;
				DEFINES_MODULE = YES;
				DEVELOPMENT_TEAM = V3K6YHBVSM;
				DYLIB_COMPATIBILITY_VERSION = 1;
				DYLIB_CURRENT_VERSION = 1;
				DYLIB_INSTALL_NAME_BASE = "@rpath";
				INFOPLIST_FILE = MimicryKit/Info.plist;
				INSTALL_PATH = "$(LOCAL_LIBRARY_DIR)/Frameworks";
				LD_RUNPATH_SEARCH_PATHS = (
					"$(inherited)",
					"@executable_path/Frameworks",
					"@loader_path/Frameworks",
				);
				PRODUCT_BUNDLE_IDENTIFIER = "com.dev-zhang.MimicryKit";
				PRODUCT_NAME = "$(TARGET_NAME:c99extidentifier)";
				SKIP_INSTALL = YES;
				SWIFT_VERSION = 5.0;
				TARGETED_DEVICE_FAMILY = "1,2";
			};
			name = Release;
		};
		0EFFAD2825B32867007480A1 /* Debug */ = {
			isa = XCBuildConfiguration;
			buildSettings = {
				ALWAYS_EMBED_SWIFT_STANDARD_LIBRARIES = YES;
				CODE_SIGN_STYLE = Automatic;
				DEVELOPMENT_TEAM = V3K6YHBVSM;
				INFOPLIST_FILE = MimicryKitTests/Info.plist;
				LD_RUNPATH_SEARCH_PATHS = (
					"$(inherited)",
					"@executable_path/Frameworks",
					"@loader_path/Frameworks",
				);
				PRODUCT_BUNDLE_IDENTIFIER = "com.dev-zhang.MimicryKitTests";
				PRODUCT_NAME = "$(TARGET_NAME)";
				SWIFT_VERSION = 5.0;
				TARGETED_DEVICE_FAMILY = "1,2";
			};
			name = Debug;
		};
		0EFFAD2925B32867007480A1 /* Release */ = {
			isa = XCBuildConfiguration;
			buildSettings = {
				ALWAYS_EMBED_SWIFT_STANDARD_LIBRARIES = YES;
				CODE_SIGN_STYLE = Automatic;
				DEVELOPMENT_TEAM = V3K6YHBVSM;
				INFOPLIST_FILE = MimicryKitTests/Info.plist;
				LD_RUNPATH_SEARCH_PATHS = (
					"$(inherited)",
					"@executable_path/Frameworks",
					"@loader_path/Frameworks",
				);
				PRODUCT_BUNDLE_IDENTIFIER = "com.dev-zhang.MimicryKitTests";
				PRODUCT_NAME = "$(TARGET_NAME)";
				SWIFT_VERSION = 5.0;
				TARGETED_DEVICE_FAMILY = "1,2";
			};
			name = Release;
		};
/* End XCBuildConfiguration section */

/* Begin XCConfigurationList section */
		0EFFAD0A25B32866007480A1 /* Build configuration list for PBXProject "MimicryKit" */ = {
			isa = XCConfigurationList;
			buildConfigurations = (
				0EFFAD2225B32867007480A1 /* Debug */,
				0EFFAD2325B32867007480A1 /* Release */,
			);
			defaultConfigurationIsVisible = 0;
			defaultConfigurationName = Release;
		};
		0EFFAD2425B32867007480A1 /* Build configuration list for PBXNativeTarget "MimicryKit" */ = {
			isa = XCConfigurationList;
			buildConfigurations = (
				0EFFAD2525B32867007480A1 /* Debug */,
				0EFFAD2625B32867007480A1 /* Release */,
			);
			defaultConfigurationIsVisible = 0;
			defaultConfigurationName = Release;
		};
		0EFFAD2725B32867007480A1 /* Build configuration list for PBXNativeTarget "MimicryKitTests" */ = {
			isa = XCConfigurationList;
			buildConfigurations = (
				0EFFAD2825B32867007480A1 /* Debug */,
				0EFFAD2925B32867007480A1 /* Release */,
			);
			defaultConfigurationIsVisible = 0;
			defaultConfigurationName = Release;
		};
/* End XCConfigurationList section */
	};
	rootObject = 0EFFAD0725B32866007480A1 /* Project object */;
}
